
Microsoft Visual Studio Solution File, Format Version 12.00
# Visual Studio 14
VisualStudioVersion = 14.0.25420.1
MinimumVisualStudioVersion = 10.0.40219.1
Project("{FAE04EC0-301F-11D3-BF4B-00C04F79EFBC}") = "SharpFlatbuffers", "SharpFlatbuffers\SharpFlatbuffers.csproj", "{7158AB1F-1126-45E9-A970-1987305D6103}"
EndProject
Project("{FAE04EC0-301F-11D3-BF4B-00C04F79EFBC}") = "Test", "Test\Test.csproj", "{D2BFB8DE-B930-4386-B2F4-3A5FC7D1BDD2}"
EndProject
Project("{FAE04EC0-301F-11D3-BF4B-00C04F79EFBC}") = "FbsGen", "FbsGen\FbsGen.csproj", "{D21D25DD-298C-4536-AF62-00FE0739DCA7}"
EndProject
Global
	GlobalSection(SolutionConfigurationPlatforms) = preSolution
		Debug|Any CPU = Debug|Any CPU
		Release|Any CPU = Release|Any CPU
	EndGlobalSection
	GlobalSection(ProjectConfigurationPlatforms) = postSolution
		{7158AB1F-1126-45E9-A970-1987305D6103}.Debug|Any CPU.ActiveCfg = Debug|Any CPU
		{7158AB1F-1126-45E9-A970-1987305D6103}.Debug|Any CPU.Build.0 = Debug|Any CPU
		{7158AB1F-1126-45E9-A970-1987305D6103}.Release|Any CPU.ActiveCfg = Release|Any CPU
		{7158AB1F-1126-45E9-A970-1987305D6103}.Release|Any CPU.Build.0 = Release|Any CPU
		{D2BFB8DE-B930-4386-B2F4-3A5FC7D1BDD2}.Debug|Any CPU.ActiveCfg = Debug|Any CPU
		{D2BFB8DE-B930-4386-B2F4-3A5FC7D1BDD2}.Debug|Any CPU.Build.0 = Debug|Any CPU
		{D2BFB8DE-B930-4386-B2F4-3A5FC7D1BDD2}.Release|Any CPU.ActiveCfg = Release|Any CPU
		{D2BFB8DE-B930-4386-B2F4-3A5FC7D1BDD2}.Release|Any CPU.Build.0 = Release|Any CPU
		{D21D25DD-298C-4536-AF62-00FE0739DCA7}.Debug|Any CPU.ActiveCfg = Debug|Any CPU
		{D21D25DD-298C-4536-AF62-00FE0739DCA7}.Debug|Any CPU.Build.0 = Debug|Any CPU
		{D21D25DD-298C-4536-AF62-00FE0739DCA7}.Release|Any CPU.ActiveCfg = Release|Any CPU
		{D21D25DD-298C-4536-AF62-00FE0739DCA7}.Release|Any CPU.Build.0 = Release|Any CPU
	EndGlobalSection
	GlobalSection(SolutionProperties) = preSolution
		HideSolutionNode = FALSE
	EndGlobalSection
EndGlobal
